
Microsoft Visual Studio Solution File, Format Version 12.00
# Visual Studio Version 17
VisualStudioVersion = 17.5.33627.172
MinimumVisualStudioVersion = 10.0.40219.1
Project("{2150E333-8FDC-42A3-9474-1A3956D46DE8}") = "src", "src", "{3C4EB9D6-43AD-4979-A364-DC76F6FD5B33}"
EndProject
Project("{2150E333-8FDC-42A3-9474-1A3956D46DE8}") = "SolutionItems", "SolutionItems", "{8B4D436F-1A5F-45E0-A2A7-57264EA25FFE}"
	ProjectSection(SolutionItems) = preProject
		ServiceUrls.txt = ServiceUrls.txt
	EndProjectSection
EndProject
Project("{2150E333-8FDC-42A3-9474-1A3956D46DE8}") = "ApiGateways", "ApiGateways", "{4B2415A9-4CCB-4EC9-8266-F3942C3B9DB5}"
EndProject
Project("{2150E333-8FDC-42A3-9474-1A3956D46DE8}") = "BuildingBlocks", "BuildingBlocks", "{EB28000D-68ED-4629-8BF9-F50CF22B8986}"
EndProject
Project("{2150E333-8FDC-42A3-9474-1A3956D46DE8}") = "Clients", "Clients", "{5BD662D3-DFEE-49BC-9642-78D45A2E18A6}"
EndProject
Project("{2150E333-8FDC-42A3-9474-1A3956D46DE8}") = "Services", "Services", "{7AB24911-0EEA-41F6-8C60-F73FDFFFF001}"
EndProject
Project("{2150E333-8FDC-42A3-9474-1A3956D46DE8}") = "WebApiGateway", "WebApiGateway", "{C808D8F0-9FE6-482F-BB2B-A407F79DB196}"
EndProject
Project("{9A19103F-16F7-4668-BE54-9A1E7A4F7556}") = "Web.ApiGateway", "src\ApiGateways\WebApiGateway\Web.ApiGateway\Web.ApiGateway.csproj", "{0375421F-1378-48AD-923F-4B50288097E5}"
EndProject
Project("{2150E333-8FDC-42A3-9474-1A3956D46DE8}") = "EventBus", "EventBus", "{9788C360-8321-45C7-BF87-5EC2FD4DB1D4}"
EndProject
Project("{9A19103F-16F7-4668-BE54-9A1E7A4F7556}") = "EventBus.Base", "src\BuildingBlocks\EventBus\EventBus.Base\EventBus.Base.csproj", "{4DDABAD9-2651-4AEA-9D6B-42F2526C3CCF}"
EndProject
Project("{9A19103F-16F7-4668-BE54-9A1E7A4F7556}") = "EventBus.Factory", "src\BuildingBlocks\EventBus\EventBus.Factory\EventBus.Factory.csproj", "{7E2FD101-73CF-4897-BD11-510E7F309ED2}"
EndProject
Project("{9A19103F-16F7-4668-BE54-9A1E7A4F7556}") = "EventBus.AzureServiceBus", "src\BuildingBlocks\EventBus\EventBus.AzureServiceBus\EventBus.AzureServiceBus.csproj", "{4B07D8FA-B33F-4FAF-B66E-2AE2BF23BAA7}"
EndProject
Project("{2150E333-8FDC-42A3-9474-1A3956D46DE8}") = "BlazorWebApp", "BlazorWebApp", "{37C9E3C3-DECB-458F-A7B1-31D39058E5B8}"
EndProject
Project("{9A19103F-16F7-4668-BE54-9A1E7A4F7556}") = "EventBus.RabbitMQ", "src\BuildingBlocks\EventBus\EventBus.RabbitMQ\EventBus.RabbitMQ.csproj", "{F6F3C598-23E1-48F6-BF77-D5EEE02F8C8E}"
EndProject
Project("{2150E333-8FDC-42A3-9474-1A3956D46DE8}") = "BasketService", "BasketService", "{069F5ACE-4B95-482B-9C85-D52C65D3B752}"
EndProject
Project("{2150E333-8FDC-42A3-9474-1A3956D46DE8}") = "CatalogService", "CatalogService", "{3CF3B98D-EE61-4326-97C9-17A553B5B3CB}"
EndProject
Project("{2150E333-8FDC-42A3-9474-1A3956D46DE8}") = "IdentityService", "IdentityService", "{2D5559D0-4B00-4DC0-AA7F-F2012C9C8476}"
EndProject
Project("{2150E333-8FDC-42A3-9474-1A3956D46DE8}") = "NotificationService", "NotificationService", "{47950242-34AB-4EDA-BC77-25E25F3BAE1B}"
EndProject
Project("{9A19103F-16F7-4668-BE54-9A1E7A4F7556}") = "BasketService.Api", "src\Services\BasketService\BasketService.Api\BasketService.Api.csproj", "{EEB838B2-BCCA-4BEB-8DEA-2690CB32CE60}"
EndProject
Project("{9A19103F-16F7-4668-BE54-9A1E7A4F7556}") = "WebApp", "src\Clients\BlazorWebApp\WebApp\WebApp.csproj", "{15131302-47EA-4D4D-9BFC-174A68EEF16F}"
EndProject
Project("{9A19103F-16F7-4668-BE54-9A1E7A4F7556}") = "CatalogService.Api", "src\Services\CatalogService\CatalogService.Api\CatalogService.Api.csproj", "{F4FDF8F0-3541-418E-B848-91B65A0C8931}"
EndProject
Project("{9A19103F-16F7-4668-BE54-9A1E7A4F7556}") = "IdentityService.Api", "src\Services\IdentityService\IdentityService.Api\IdentityService.Api.csproj", "{74A0EA0F-3546-4496-B63E-1AF99D19AEF2}"
EndProject
Project("{9A19103F-16F7-4668-BE54-9A1E7A4F7556}") = "NotificationService", "src\Services\NotificationService\NotificationService\NotificationService.csproj", "{A5604A26-4446-4E1E-A851-E43EC08B699D}"
EndProject
Project("{2150E333-8FDC-42A3-9474-1A3956D46DE8}") = "OrderService", "OrderService", "{192EB30E-961D-422F-A662-9F09759198BE}"
EndProject
Project("{2150E333-8FDC-42A3-9474-1A3956D46DE8}") = "Core", "Core", "{3D5C5FCA-07DC-471B-826E-CCB927157446}"
EndProject
Project("{2150E333-8FDC-42A3-9474-1A3956D46DE8}") = "Infrastructure", "Infrastructure", "{A0987E03-FA44-447F-85C0-8869BBD8B9CE}"
EndProject
Project("{2150E333-8FDC-42A3-9474-1A3956D46DE8}") = "Presentation", "Presentation", "{E75A4CC8-D1AC-4F3A-9B62-FB7FC3B6A6A6}"
EndProject
Project("{9A19103F-16F7-4668-BE54-9A1E7A4F7556}") = "OrderService.Domain", "src\Services\OrderService\Core\OrderService.Domain\OrderService.Domain.csproj", "{E48266C6-BB73-4EB0-BDE1-E18304C28665}"
EndProject
Project("{9A19103F-16F7-4668-BE54-9A1E7A4F7556}") = "OrderService.Application", "src\Services\OrderService\Core\OrderService.Application\OrderService.Application.csproj", "{9672CB92-5BA0-46C6-A78B-BE053F914C32}"
EndProject
Project("{9A19103F-16F7-4668-BE54-9A1E7A4F7556}") = "OrderService.Infrastructure", "src\Services\OrderService\Infrastructure\OrderService.Infrastructure\OrderService.Infrastructure.csproj", "{6E298B26-8523-43B7-82FA-AF38B4B82D17}"
EndProject
Project("{9A19103F-16F7-4668-BE54-9A1E7A4F7556}") = "OrderService.Persistence", "src\Services\OrderService\Infrastructure\OrderService.Persistence\OrderService.Persistence.csproj", "{7833E878-F63A-45FA-B54E-85109015D1B7}"
EndProject
Project("{9A19103F-16F7-4668-BE54-9A1E7A4F7556}") = "OrderService.Api", "src\Services\OrderService\Presentation\OrderService.Api\OrderService.Api.csproj", "{734B6121-0C44-441A-B1FE-D9358FB00E2F}"
EndProject
Project("{2150E333-8FDC-42A3-9474-1A3956D46DE8}") = "PaymentService", "PaymentService", "{1C403A5B-AFF3-4F8A-95BB-521D607C080F}"
EndProject
Project("{9A19103F-16F7-4668-BE54-9A1E7A4F7556}") = "PaymentService.Api", "src\Services\PaymentService\PaymentService.Api\PaymentService.Api.csproj", "{EEA0F904-2E07-4F4E-99A4-52436CE50CC9}"
EndProject
Project("{2150E333-8FDC-42A3-9474-1A3956D46DE8}") = "tests", "tests", "{092323F8-53F7-428A-BFC9-15B1DE153566}"
EndProject
Project("{2150E333-8FDC-42A3-9474-1A3956D46DE8}") = "BuildingBlocks", "BuildingBlocks", "{AEB704E5-85D5-4916-969C-D260A78814D9}"
EndProject
Project("{9A19103F-16F7-4668-BE54-9A1E7A4F7556}") = "EventBus.UnitTest", "tests\BuildingBlocks\EventBus.UnitTest\EventBus.UnitTest.csproj", "{476FB44A-4380-4D37-A13D-735B3D41A709}"
EndProject
Global
	GlobalSection(SolutionConfigurationPlatforms) = preSolution
		Debug|Any CPU = Debug|Any CPU
		Release|Any CPU = Release|Any CPU
	EndGlobalSection
	GlobalSection(ProjectConfigurationPlatforms) = postSolution
		{0375421F-1378-48AD-923F-4B50288097E5}.Debug|Any CPU.ActiveCfg = Debug|Any CPU
		{0375421F-1378-48AD-923F-4B50288097E5}.Debug|Any CPU.Build.0 = Debug|Any CPU
		{0375421F-1378-48AD-923F-4B50288097E5}.Release|Any CPU.ActiveCfg = Release|Any CPU
		{0375421F-1378-48AD-923F-4B50288097E5}.Release|Any CPU.Build.0 = Release|Any CPU
		{4DDABAD9-2651-4AEA-9D6B-42F2526C3CCF}.Debug|Any CPU.ActiveCfg = Debug|Any CPU
		{4DDABAD9-2651-4AEA-9D6B-42F2526C3CCF}.Debug|Any CPU.Build.0 = Debug|Any CPU
		{4DDABAD9-2651-4AEA-9D6B-42F2526C3CCF}.Release|Any CPU.ActiveCfg = Release|Any CPU
		{4DDABAD9-2651-4AEA-9D6B-42F2526C3CCF}.Release|Any CPU.Build.0 = Release|Any CPU
		{7E2FD101-73CF-4897-BD11-510E7F309ED2}.Debug|Any CPU.ActiveCfg = Debug|Any CPU
		{7E2FD101-73CF-4897-BD11-510E7F309ED2}.Debug|Any CPU.Build.0 = Debug|Any CPU
		{7E2FD101-73CF-4897-BD11-510E7F309ED2}.Release|Any CPU.ActiveCfg = Release|Any CPU
		{7E2FD101-73CF-4897-BD11-510E7F309ED2}.Release|Any CPU.Build.0 = Release|Any CPU
		{4B07D8FA-B33F-4FAF-B66E-2AE2BF23BAA7}.Debug|Any CPU.ActiveCfg = Debug|Any CPU
		{4B07D8FA-B33F-4FAF-B66E-2AE2BF23BAA7}.Debug|Any CPU.Build.0 = Debug|Any CPU
		{4B07D8FA-B33F-4FAF-B66E-2AE2BF23BAA7}.Release|Any CPU.ActiveCfg = Release|Any CPU
		{4B07D8FA-B33F-4FAF-B66E-2AE2BF23BAA7}.Release|Any CPU.Build.0 = Release|Any CPU
		{F6F3C598-23E1-48F6-BF77-D5EEE02F8C8E}.Debug|Any CPU.ActiveCfg = Debug|Any CPU
		{F6F3C598-23E1-48F6-BF77-D5EEE02F8C8E}.Debug|Any CPU.Build.0 = Debug|Any CPU
		{F6F3C598-23E1-48F6-BF77-D5EEE02F8C8E}.Release|Any CPU.ActiveCfg = Release|Any CPU
		{F6F3C598-23E1-48F6-BF77-D5EEE02F8C8E}.Release|Any CPU.Build.0 = Release|Any CPU
		{EEB838B2-BCCA-4BEB-8DEA-2690CB32CE60}.Debug|Any CPU.ActiveCfg = Debug|Any CPU
		{EEB838B2-BCCA-4BEB-8DEA-2690CB32CE60}.Debug|Any CPU.Build.0 = Debug|Any CPU
		{EEB838B2-BCCA-4BEB-8DEA-2690CB32CE60}.Release|Any CPU.ActiveCfg = Release|Any CPU
		{EEB838B2-BCCA-4BEB-8DEA-2690CB32CE60}.Release|Any CPU.Build.0 = Release|Any CPU
		{15131302-47EA-4D4D-9BFC-174A68EEF16F}.Debug|Any CPU.ActiveCfg = Debug|Any CPU
		{15131302-47EA-4D4D-9BFC-174A68EEF16F}.Debug|Any CPU.Build.0 = Debug|Any CPU
		{15131302-47EA-4D4D-9BFC-174A68EEF16F}.Release|Any CPU.ActiveCfg = Release|Any CPU
		{15131302-47EA-4D4D-9BFC-174A68EEF16F}.Release|Any CPU.Build.0 = Release|Any CPU
		{F4FDF8F0-3541-418E-B848-91B65A0C8931}.Debug|Any CPU.ActiveCfg = Debug|Any CPU
		{F4FDF8F0-3541-418E-B848-91B65A0C8931}.Debug|Any CPU.Build.0 = Debug|Any CPU
		{F4FDF8F0-3541-418E-B848-91B65A0C8931}.Release|Any CPU.ActiveCfg = Release|Any CPU
		{F4FDF8F0-3541-418E-B848-91B65A0C8931}.Release|Any CPU.Build.0 = Release|Any CPU
		{74A0EA0F-3546-4496-B63E-1AF99D19AEF2}.Debug|Any CPU.ActiveCfg = Debug|Any CPU
		{74A0EA0F-3546-4496-B63E-1AF99D19AEF2}.Debug|Any CPU.Build.0 = Debug|Any CPU
		{74A0EA0F-3546-4496-B63E-1AF99D19AEF2}.Release|Any CPU.ActiveCfg = Release|Any CPU
		{74A0EA0F-3546-4496-B63E-1AF99D19AEF2}.Release|Any CPU.Build.0 = Release|Any CPU
		{A5604A26-4446-4E1E-A851-E43EC08B699D}.Debug|Any CPU.ActiveCfg = Debug|Any CPU
		{A5604A26-4446-4E1E-A851-E43EC08B699D}.Debug|Any CPU.Build.0 = Debug|Any CPU
		{A5604A26-4446-4E1E-A851-E43EC08B699D}.Release|Any CPU.ActiveCfg = Release|Any CPU
		{A5604A26-4446-4E1E-A851-E43EC08B699D}.Release|Any CPU.Build.0 = Release|Any CPU
		{E48266C6-BB73-4EB0-BDE1-E18304C28665}.Debug|Any CPU.ActiveCfg = Debug|Any CPU
		{E48266C6-BB73-4EB0-BDE1-E18304C28665}.Debug|Any CPU.Build.0 = Debug|Any CPU
		{E48266C6-BB73-4EB0-BDE1-E18304C28665}.Release|Any CPU.ActiveCfg = Release|Any CPU
		{E48266C6-BB73-4EB0-BDE1-E18304C28665}.Release|Any CPU.Build.0 = Release|Any CPU
		{9672CB92-5BA0-46C6-A78B-BE053F914C32}.Debug|Any CPU.ActiveCfg = Debug|Any CPU
		{9672CB92-5BA0-46C6-A78B-BE053F914C32}.Debug|Any CPU.Build.0 = Debug|Any CPU
		{9672CB92-5BA0-46C6-A78B-BE053F914C32}.Release|Any CPU.ActiveCfg = Release|Any CPU
		{9672CB92-5BA0-46C6-A78B-BE053F914C32}.Release|Any CPU.Build.0 = Release|Any CPU
		{6E298B26-8523-43B7-82FA-AF38B4B82D17}.Debug|Any CPU.ActiveCfg = Debug|Any CPU
		{6E298B26-8523-43B7-82FA-AF38B4B82D17}.Debug|Any CPU.Build.0 = Debug|Any CPU
		{6E298B26-8523-43B7-82FA-AF38B4B82D17}.Release|Any CPU.ActiveCfg = Release|Any CPU
		{6E298B26-8523-43B7-82FA-AF38B4B82D17}.Release|Any CPU.Build.0 = Release|Any CPU
		{7833E878-F63A-45FA-B54E-85109015D1B7}.Debug|Any CPU.ActiveCfg = Debug|Any CPU
		{7833E878-F63A-45FA-B54E-85109015D1B7}.Debug|Any CPU.Build.0 = Debug|Any CPU
		{7833E878-F63A-45FA-B54E-85109015D1B7}.Release|Any CPU.ActiveCfg = Release|Any CPU
		{7833E878-F63A-45FA-B54E-85109015D1B7}.Release|Any CPU.Build.0 = Release|Any CPU
		{734B6121-0C44-441A-B1FE-D9358FB00E2F}.Debug|Any CPU.ActiveCfg = Debug|Any CPU
		{734B6121-0C44-441A-B1FE-D9358FB00E2F}.Debug|Any CPU.Build.0 = Debug|Any CPU
		{734B6121-0C44-441A-B1FE-D9358FB00E2F}.Release|Any CPU.ActiveCfg = Release|Any CPU
		{734B6121-0C44-441A-B1FE-D9358FB00E2F}.Release|Any CPU.Build.0 = Release|Any CPU
		{EEA0F904-2E07-4F4E-99A4-52436CE50CC9}.Debug|Any CPU.ActiveCfg = Debug|Any CPU
		{EEA0F904-2E07-4F4E-99A4-52436CE50CC9}.Debug|Any CPU.Build.0 = Debug|Any CPU
		{EEA0F904-2E07-4F4E-99A4-52436CE50CC9}.Release|Any CPU.ActiveCfg = Release|Any CPU
		{EEA0F904-2E07-4F4E-99A4-52436CE50CC9}.Release|Any CPU.Build.0 = Release|Any CPU
	EndGlobalSection
	GlobalSection(SolutionProperties) = preSolution
		HideSolutionNode = FALSE
	EndGlobalSection
	GlobalSection(NestedProjects) = preSolution
		{4B2415A9-4CCB-4EC9-8266-F3942C3B9DB5} = {3C4EB9D6-43AD-4979-A364-DC76F6FD5B33}
		{EB28000D-68ED-4629-8BF9-F50CF22B8986} = {3C4EB9D6-43AD-4979-A364-DC76F6FD5B33}
		{5BD662D3-DFEE-49BC-9642-78D45A2E18A6} = {3C4EB9D6-43AD-4979-A364-DC76F6FD5B33}
		{7AB24911-0EEA-41F6-8C60-F73FDFFFF001} = {3C4EB9D6-43AD-4979-A364-DC76F6FD5B33}
		{C808D8F0-9FE6-482F-BB2B-A407F79DB196} = {4B2415A9-4CCB-4EC9-8266-F3942C3B9DB5}
		{0375421F-1378-48AD-923F-4B50288097E5} = {C808D8F0-9FE6-482F-BB2B-A407F79DB196}
		{9788C360-8321-45C7-BF87-5EC2FD4DB1D4} = {EB28000D-68ED-4629-8BF9-F50CF22B8986}
		{4DDABAD9-2651-4AEA-9D6B-42F2526C3CCF} = {9788C360-8321-45C7-BF87-5EC2FD4DB1D4}
		{7E2FD101-73CF-4897-BD11-510E7F309ED2} = {9788C360-8321-45C7-BF87-5EC2FD4DB1D4}
		{4B07D8FA-B33F-4FAF-B66E-2AE2BF23BAA7} = {9788C360-8321-45C7-BF87-5EC2FD4DB1D4}
		{37C9E3C3-DECB-458F-A7B1-31D39058E5B8} = {5BD662D3-DFEE-49BC-9642-78D45A2E18A6}
		{F6F3C598-23E1-48F6-BF77-D5EEE02F8C8E} = {9788C360-8321-45C7-BF87-5EC2FD4DB1D4}
		{069F5ACE-4B95-482B-9C85-D52C65D3B752} = {7AB24911-0EEA-41F6-8C60-F73FDFFFF001}
		{3CF3B98D-EE61-4326-97C9-17A553B5B3CB} = {7AB24911-0EEA-41F6-8C60-F73FDFFFF001}
		{2D5559D0-4B00-4DC0-AA7F-F2012C9C8476} = {7AB24911-0EEA-41F6-8C60-F73FDFFFF001}
		{47950242-34AB-4EDA-BC77-25E25F3BAE1B} = {7AB24911-0EEA-41F6-8C60-F73FDFFFF001}
		{EEB838B2-BCCA-4BEB-8DEA-2690CB32CE60} = {069F5ACE-4B95-482B-9C85-D52C65D3B752}
		{15131302-47EA-4D4D-9BFC-174A68EEF16F} = {37C9E3C3-DECB-458F-A7B1-31D39058E5B8}
		{F4FDF8F0-3541-418E-B848-91B65A0C8931} = {3CF3B98D-EE61-4326-97C9-17A553B5B3CB}
		{74A0EA0F-3546-4496-B63E-1AF99D19AEF2} = {2D5559D0-4B00-4DC0-AA7F-F2012C9C8476}
		{A5604A26-4446-4E1E-A851-E43EC08B699D} = {47950242-34AB-4EDA-BC77-25E25F3BAE1B}
		{192EB30E-961D-422F-A662-9F09759198BE} = {7AB24911-0EEA-41F6-8C60-F73FDFFFF001}
		{3D5C5FCA-07DC-471B-826E-CCB927157446} = {192EB30E-961D-422F-A662-9F09759198BE}
		{A0987E03-FA44-447F-85C0-8869BBD8B9CE} = {192EB30E-961D-422F-A662-9F09759198BE}
		{E75A4CC8-D1AC-4F3A-9B62-FB7FC3B6A6A6} = {192EB30E-961D-422F-A662-9F09759198BE}
		{E48266C6-BB73-4EB0-BDE1-E18304C28665} = {3D5C5FCA-07DC-471B-826E-CCB927157446}
		{9672CB92-5BA0-46C6-A78B-BE053F914C32} = {3D5C5FCA-07DC-471B-826E-CCB927157446}
		{6E298B26-8523-43B7-82FA-AF38B4B82D17} = {A0987E03-FA44-447F-85C0-8869BBD8B9CE}
		{7833E878-F63A-45FA-B54E-85109015D1B7} = {A0987E03-FA44-447F-85C0-8869BBD8B9CE}
		{734B6121-0C44-441A-B1FE-D9358FB00E2F} = {E75A4CC8-D1AC-4F3A-9B62-FB7FC3B6A6A6}
		{1C403A5B-AFF3-4F8A-95BB-521D607C080F} = {7AB24911-0EEA-41F6-8C60-F73FDFFFF001}
		{EEA0F904-2E07-4F4E-99A4-52436CE50CC9} = {1C403A5B-AFF3-4F8A-95BB-521D607C080F}
	EndGlobalSection
	GlobalSection(ExtensibilityGlobals) = postSolution
		SolutionGuid = {F359954A-E39B-4261-A368-6AC09B4C16E2}
	EndGlobalSection
EndGlobal
